
Microsoft Visual Studio Solution File, Format Version 12.00
# Visual Studio 2013
VisualStudioVersion = 12.0.30501.0
MinimumVisualStudioVersion = 10.0.40219.1
Project("{8BC9CEB8-8B4A-11D0-8D11-00A0C91BC942}") = "SetTests", "SetDemo\SetDemo.vcxproj", "{5AD0F059-1DC0-4E52-BBE2-CD5EE0374CFC}"
EndProject
Project("{8BC9CEB8-8B4A-11D0-8D11-00A0C91BC942}") = "SuperSet", "SuperSet\SuperSet.vcxproj", "{E28A71E8-5854-46D6-A4C5-CCE7A1695949}"
EndProject
Project("{8BC9CEB8-8B4A-11D0-8D11-00A0C91BC942}") = "gtest", "gtest-1.7.0\msvc\gtest.vcxproj", "{C8F6C172-56F2-4E76-B5FA-C3B423B31BE7}"
EndProject
Global
	GlobalSection(SolutionConfigurationPlatforms) = preSolution
		Debug|Win32 = Debug|Win32
		Release|Win32 = Release|Win32
	EndGlobalSection
	GlobalSection(ProjectConfigurationPlatforms) = postSolution
		{5AD0F059-1DC0-4E52-BBE2-CD5EE0374CFC}.Debug|Win32.ActiveCfg = Debug|Win32
		{5AD0F059-1DC0-4E52-BBE2-CD5EE0374CFC}.Debug|Win32.Build.0 = Debug|Win32
		{5AD0F059-1DC0-4E52-BBE2-CD5EE0374CFC}.Release|Win32.ActiveCfg = Release|Win32
		{5AD0F059-1DC0-4E52-BBE2-CD5EE0374CFC}.Release|Win32.Build.0 = Release|Win32
		{E28A71E8-5854-46D6-A4C5-CCE7A1695949}.Debug|Win32.ActiveCfg = Debug|Win32
		{E28A71E8-5854-46D6-A4C5-CCE7A1695949}.Debug|Win32.Build.0 = Debug|Win32
		{E28A71E8-5854-46D6-A4C5-CCE7A1695949}.Release|Win32.ActiveCfg = Release|Win32
		{E28A71E8-5854-46D6-A4C5-CCE7A1695949}.Release|Win32.Build.0 = Release|Win32
		{C8F6C172-56F2-4E76-B5FA-C3B423B31BE7}.Debug|Win32.ActiveCfg = Debug|Win32
		{C8F6C172-56F2-4E76-B5FA-C3B423B31BE7}.Debug|Win32.Build.0 = Debug|Win32
		{C8F6C172-56F2-4E76-B5FA-C3B423B31BE7}.Release|Win32.ActiveCfg = Release|Win32
		{C8F6C172-56F2-4E76-B5FA-C3B423B31BE7}.Release|Win32.Build.0 = Release|Win32
	EndGlobalSection
	GlobalSection(SolutionProperties) = preSolution
		HideSolutionNode = FALSE
	EndGlobalSection
EndGlobal
